{
	"name": "@efb/efb-api",
	"version": "1.0.3",
	"lockfileVersion": 3,
	"requires": true,
	"packages": {
		"": {
			"name": "@efb/efb-api",
			"version": "1.0.3",
			"license": "MIT",
			"dependencies": {
				"@microsoft/msfs-sdk": "^2.3.3"
			}
		},
		"node_modules/@microsoft/msfs-sdk": {
			"version": "2.3.3",
			"resolved": "https://registry.npmjs.org/@microsoft/msfs-sdk/-/msfs-sdk-2.3.3.tgz",
			"integrity": "sha512-MWeuPSgq/RdtcWZ5/ZThrZzPpIgJLCjwtI52R+r9xZGsq+2gmnmytN+SeSciw683l+vUEYcYRP1avaxfwCUxuA==",
			"license": "MIT"
		}
	}
}
